---
ID: "d22faf75-acf8-50c5-9a8a-85a953eef65a"
Parent: "e5c1c107-ae67-554a-bad8-e8911c56a4f7"
Template: "b32c734f-30a4-5515-9a35-c0829d403bbf"
Path: /sitecore/content/hardcore/Components/Styleguide/ContentReuse/LoremIpsumContentBlock
Languages:
- Language: en
  Fields:
  - ID: "b5e02ad9-d56f-4c41-a065-a133db87bdeb"
    Hint: __Display name
    Value: Lorem Ipsum Dolor Sit Amet
  Versions:
  - Version: 1
    Fields:
    - ID: "10cb7849-5737-529f-bc3a-45fcdb469f7e"
      Hint: content
      Value: <p>Lorem ipsum dolor sit amet, consectetur adipiscing elit. Quisque felis mauris, pretium id neque vitae, vulputate pellentesque tortor. Mauris hendrerit dolor et ipsum lobortis bibendum non finibus neque. Morbi volutpat aliquam magna id posuere. Duis commodo cursus dui, nec interdum velit congue nec. Aliquam erat volutpat. Aliquam facilisis, sapien quis fringilla tincidunt, magna nulla feugiat neque, a consectetur arcu orci eu augue.</p>
    - ID: "25bed78c-4957-4165-998a-ca1b52f67497"
      Hint: __Created
      Value: 20220305T034157Z
    - ID: "8cdc337e-a112-42fb-bbb4-4143751e123f"
      Hint: __Revision
      Value: "8676a780-973c-4507-9164-fa79d6423bdf"
    - ID: "badd9cf9-53e0-4d0c-bcc0-2d784c282f6a"
      Hint: __Updated by
      Value: |
        sitecore\JssImport
    - ID: "d9cf14b1-fa16-4ba6-9288-e8a174d4d522"
      Hint: __Updated
      Value: 20220305T034157Z
